// !$*UTF8*$!
{
	archiveVersion = 1;
	classes = {
	};
	objectVersion = 56;
	objects = {

/* Begin PBXBuildFile section */
		0EDFEAA42A3EBA0D00B04C61 /* AppDelegate.swift in Sources */ = {isa = PBXBuildFile; fileRef = 0EDFEAA32A3EBA0D00B04C61 /* AppDelegate.swift */; };
		0EDFEAA62A3EBA0D00B04C61 /* SceneDelegate.swift in Sources */ = {isa = PBXBuildFile; fileRef = 0EDFEAA52A3EBA0D00B04C61 /* SceneDelegate.swift */; };
		0EDFEAAD2A3EBA0E00B04C61 /* Assets.xcassets in Resources */ = {isa = PBXBuildFile; fileRef = 0EDFEAAC2A3EBA0E00B04C61 /* Assets.xcassets */; };
		0EDFEAB02A3EBA0E00B04C61 /* LaunchScreen.storyboard in Resources */ = {isa = PBXBuildFile; fileRef = 0EDFEAAE2A3EBA0E00B04C61 /* LaunchScreen.storyboard */; };
		0EDFEAC52A3EBA0E00B04C61 /* EmpDirUITests.swift in Sources */ = {isa = PBXBuildFile; fileRef = 0EDFEAC42A3EBA0E00B04C61 /* EmpDirUITests.swift */; };
		0EDFEAC72A3EBA0E00B04C61 /* EmpDirUITestsLaunchTests.swift in Sources */ = {isa = PBXBuildFile; fileRef = 0EDFEAC62A3EBA0E00B04C61 /* EmpDirUITestsLaunchTests.swift */; };
		0EDFEAD52A3EBA5E00B04C61 /* Employee.swift in Sources */ = {isa = PBXBuildFile; fileRef = 0EDFEAD42A3EBA5E00B04C61 /* Employee.swift */; };
		0EDFEAD72A3EBA8F00B04C61 /* EmployeeService.swift in Sources */ = {isa = PBXBuildFile; fileRef = 0EDFEAD62A3EBA8F00B04C61 /* EmployeeService.swift */; };
		0EDFEAD92A3EBAA800B04C61 /* EmployeeCoordinator.swift in Sources */ = {isa = PBXBuildFile; fileRef = 0EDFEAD82A3EBAA800B04C61 /* EmployeeCoordinator.swift */; };
		0EDFEADB2A3EBABC00B04C61 /* EmployeeViewModel.swift in Sources */ = {isa = PBXBuildFile; fileRef = 0EDFEADA2A3EBABC00B04C61 /* EmployeeViewModel.swift */; };
		0EDFEAE42A3EBB7700B04C61 /* Kingfisher in Frameworks */ = {isa = PBXBuildFile; productRef = 0EDFEAE32A3EBB7700B04C61 /* Kingfisher */; };
		0EDFEAE72A3EBD3F00B04C61 /* EmployeeListViewController.swift in Sources */ = {isa = PBXBuildFile; fileRef = 0EDFEAE52A3EBD3F00B04C61 /* EmployeeListViewController.swift */; };
		0EDFEAE82A3EBD3F00B04C61 /* EmployeeListViewController.xib in Resources */ = {isa = PBXBuildFile; fileRef = 0EDFEAE62A3EBD3F00B04C61 /* EmployeeListViewController.xib */; };
		0EDFEAEB2A3EBDEC00B04C61 /* EmployeeTableViewCell.swift in Sources */ = {isa = PBXBuildFile; fileRef = 0EDFEAE92A3EBDEC00B04C61 /* EmployeeTableViewCell.swift */; };
		0EDFEAEC2A3EBDEC00B04C61 /* EmployeeTableViewCell.xib in Resources */ = {isa = PBXBuildFile; fileRef = 0EDFEAEA2A3EBDEC00B04C61 /* EmployeeTableViewCell.xib */; };
		0EDFEAF92A3EC0F700B04C61 /* MockEmployeeService.swift in Sources */ = {isa = PBXBuildFile; fileRef = 0EDFEAF82A3EC0F700B04C61 /* MockEmployeeService.swift */; };
		0EDFEAFC2A3EC18000B04C61 /* Employees.json in Resources */ = {isa = PBXBuildFile; fileRef = 0EDFEAFB2A3EC18000B04C61 /* Employees.json */; };
		0EDFEAFD2A3EC19600B04C61 /* Employees.json in Resources */ = {isa = PBXBuildFile; fileRef = 0EDFEAFB2A3EC18000B04C61 /* Employees.json */; };
		0EDFEAFF2A3EC32800B04C61 /* EmployeeViewModelTest.swift in Sources */ = {isa = PBXBuildFile; fileRef = 0EDFEAFE2A3EC32800B04C61 /* EmployeeViewModelTest.swift */; };
		0EDFEB012A3EC34400B04C61 /* EmployeeServiceTest.swift in Sources */ = {isa = PBXBuildFile; fileRef = 0EDFEB002A3EC34400B04C61 /* EmployeeServiceTest.swift */; };
/* End PBXBuildFile section */

/* Begin PBXContainerItemProxy section */
		0EDFEAB72A3EBA0E00B04C61 /* PBXContainerItemProxy */ = {
			isa = PBXContainerItemProxy;
			containerPortal = 0EDFEA982A3EBA0D00B04C61 /* Project object */;
			proxyType = 1;
			remoteGlobalIDString = 0EDFEA9F2A3EBA0D00B04C61;
			remoteInfo = EmpDir;
		};
		0EDFEAC12A3EBA0E00B04C61 /* PBXContainerItemProxy */ = {
			isa = PBXContainerItemProxy;
			containerPortal = 0EDFEA982A3EBA0D00B04C61 /* Project object */;
			proxyType = 1;
			remoteGlobalIDString = 0EDFEA9F2A3EBA0D00B04C61;
			remoteInfo = EmpDir;
		};
/* End PBXContainerItemProxy section */

/* Begin PBXFileReference section */
		0EDFEAA02A3EBA0D00B04C61 /* EmpDir.app */ = {isa = PBXFileReference; explicitFileType = wrapper.application; includeInIndex = 0; path = EmpDir.app; sourceTree = BUILT_PRODUCTS_DIR; };
		0EDFEAA32A3EBA0D00B04C61 /* AppDelegate.swift */ = {isa = PBXFileReference; lastKnownFileType = sourcecode.swift; path = AppDelegate.swift; sourceTree = "<group>"; };
		0EDFEAA52A3EBA0D00B04C61 /* SceneDelegate.swift */ = {isa = PBXFileReference; lastKnownFileType = sourcecode.swift; path = SceneDelegate.swift; sourceTree = "<group>"; };
		0EDFEAAC2A3EBA0E00B04C61 /* Assets.xcassets */ = {isa = PBXFileReference; lastKnownFileType = folder.assetcatalog; path = Assets.xcassets; sourceTree = "<group>"; };
		0EDFEAAF2A3EBA0E00B04C61 /* Base */ = {isa = PBXFileReference; lastKnownFileType = file.storyboard; name = Base; path = Base.lproj/LaunchScreen.storyboard; sourceTree = "<group>"; };
		0EDFEAB12A3EBA0E00B04C61 /* Info.plist */ = {isa = PBXFileReference; lastKnownFileType = text.plist.xml; path = Info.plist; sourceTree = "<group>"; };
		0EDFEAB62A3EBA0E00B04C61 /* EmpDirTests.xctest */ = {isa = PBXFileReference; explicitFileType = wrapper.cfbundle; includeInIndex = 0; path = EmpDirTests.xctest; sourceTree = BUILT_PRODUCTS_DIR; };
		0EDFEAC02A3EBA0E00B04C61 /* EmpDirUITests.xctest */ = {isa = PBXFileReference; explicitFileType = wrapper.cfbundle; includeInIndex = 0; path = EmpDirUITests.xctest; sourceTree = BUILT_PRODUCTS_DIR; };
		0EDFEAC42A3EBA0E00B04C61 /* EmpDirUITests.swift */ = {isa = PBXFileReference; lastKnownFileType = sourcecode.swift; path = EmpDirUITests.swift; sourceTree = "<group>"; };
		0EDFEAC62A3EBA0E00B04C61 /* EmpDirUITestsLaunchTests.swift */ = {isa = PBXFileReference; lastKnownFileType = sourcecode.swift; path = EmpDirUITestsLaunchTests.swift; sourceTree = "<group>"; };
		0EDFEAD42A3EBA5E00B04C61 /* Employee.swift */ = {isa = PBXFileReference; lastKnownFileType = sourcecode.swift; path = Employee.swift; sourceTree = "<group>"; };
		0EDFEAD62A3EBA8F00B04C61 /* EmployeeService.swift */ = {isa = PBXFileReference; lastKnownFileType = sourcecode.swift; path = EmployeeService.swift; sourceTree = "<group>"; };
		0EDFEAD82A3EBAA800B04C61 /* EmployeeCoordinator.swift */ = {isa = PBXFileReference; lastKnownFileType = sourcecode.swift; path = EmployeeCoordinator.swift; sourceTree = "<group>"; };
		0EDFEADA2A3EBABC00B04C61 /* EmployeeViewModel.swift */ = {isa = PBXFileReference; lastKnownFileType = sourcecode.swift; path = EmployeeViewModel.swift; sourceTree = "<group>"; };
		0EDFEAE52A3EBD3F00B04C61 /* EmployeeListViewController.swift */ = {isa = PBXFileReference; lastKnownFileType = sourcecode.swift; path = EmployeeListViewController.swift; sourceTree = "<group>"; };
		0EDFEAE62A3EBD3F00B04C61 /* EmployeeListViewController.xib */ = {isa = PBXFileReference; lastKnownFileType = file.xib; path = EmployeeListViewController.xib; sourceTree = "<group>"; };
		0EDFEAE92A3EBDEC00B04C61 /* EmployeeTableViewCell.swift */ = {isa = PBXFileReference; lastKnownFileType = sourcecode.swift; path = EmployeeTableViewCell.swift; sourceTree = "<group>"; };
		0EDFEAEA2A3EBDEC00B04C61 /* EmployeeTableViewCell.xib */ = {isa = PBXFileReference; lastKnownFileType = file.xib; path = EmployeeTableViewCell.xib; sourceTree = "<group>"; };
		0EDFEAF82A3EC0F700B04C61 /* MockEmployeeService.swift */ = {isa = PBXFileReference; fileEncoding = 4; lastKnownFileType = sourcecode.swift; path = MockEmployeeService.swift; sourceTree = "<group>"; };
		0EDFEAFB2A3EC18000B04C61 /* Employees.json */ = {isa = PBXFileReference; fileEncoding = 4; lastKnownFileType = text.json; path = Employees.json; sourceTree = "<group>"; };
		0EDFEAFE2A3EC32800B04C61 /* EmployeeViewModelTest.swift */ = {isa = PBXFileReference; lastKnownFileType = sourcecode.swift; path = EmployeeViewModelTest.swift; sourceTree = "<group>"; };
		0EDFEB002A3EC34400B04C61 /* EmployeeServiceTest.swift */ = {isa = PBXFileReference; lastKnownFileType = sourcecode.swift; path = EmployeeServiceTest.swift; sourceTree = "<group>"; };
/* End PBXFileReference section */

/* Begin PBXFrameworksBuildPhase section */
		0EDFEA9D2A3EBA0D00B04C61 /* Frameworks */ = {
			isa = PBXFrameworksBuildPhase;
			buildActionMask = 2147483647;
			files = (
				0EDFEAE42A3EBB7700B04C61 /* Kingfisher in Frameworks */,
			);
			runOnlyForDeploymentPostprocessing = 0;
		};
		0EDFEAB32A3EBA0E00B04C61 /* Frameworks */ = {
			isa = PBXFrameworksBuildPhase;
			buildActionMask = 2147483647;
			files = (
			);
			runOnlyForDeploymentPostprocessing = 0;
		};
		0EDFEABD2A3EBA0E00B04C61 /* Frameworks */ = {
			isa = PBXFrameworksBuildPhase;
			buildActionMask = 2147483647;
			files = (
			);
			runOnlyForDeploymentPostprocessing = 0;
		};
/* End PBXFrameworksBuildPhase section */

/* Begin PBXGroup section */
		0EDFEA972A3EBA0D00B04C61 = {
			isa = PBXGroup;
			children = (
				0EDFEAA22A3EBA0D00B04C61 /* EmpDir */,
				0EDFEAB92A3EBA0E00B04C61 /* EmpDirTests */,
				0EDFEAC32A3EBA0E00B04C61 /* EmpDirUITests */,
				0EDFEAA12A3EBA0D00B04C61 /* Products */,
			);
			sourceTree = "<group>";
		};
		0EDFEAA12A3EBA0D00B04C61 /* Products */ = {
			isa = PBXGroup;
			children = (
				0EDFEAA02A3EBA0D00B04C61 /* EmpDir.app */,
				0EDFEAB62A3EBA0E00B04C61 /* EmpDirTests.xctest */,
				0EDFEAC02A3EBA0E00B04C61 /* EmpDirUITests.xctest */,
			);
			name = Products;
			sourceTree = "<group>";
		};
		0EDFEAA22A3EBA0D00B04C61 /* EmpDir */ = {
			isa = PBXGroup;
			children = (
				0EDFEAD32A3EBA3900B04C61 /* Sources */,
				0EDFEAA32A3EBA0D00B04C61 /* AppDelegate.swift */,
				0EDFEAA52A3EBA0D00B04C61 /* SceneDelegate.swift */,
				0EDFEAAC2A3EBA0E00B04C61 /* Assets.xcassets */,
				0EDFEAAE2A3EBA0E00B04C61 /* LaunchScreen.storyboard */,
				0EDFEAB12A3EBA0E00B04C61 /* Info.plist */,
			);
			path = EmpDir;
			sourceTree = "<group>";
		};
		0EDFEAB92A3EBA0E00B04C61 /* EmpDirTests */ = {
			isa = PBXGroup;
			children = (
				0EDFEAFA2A3EC17500B04C61 /* Resources */,
				0EDFEAF72A3EC0EB00B04C61 /* Mocks */,
				0EDFEAFE2A3EC32800B04C61 /* EmployeeViewModelTest.swift */,
				0EDFEB002A3EC34400B04C61 /* EmployeeServiceTest.swift */,
			);
			path = EmpDirTests;
			sourceTree = "<group>";
		};
		0EDFEAC32A3EBA0E00B04C61 /* EmpDirUITests */ = {
			isa = PBXGroup;
			children = (
				0EDFEAC42A3EBA0E00B04C61 /* EmpDirUITests.swift */,
				0EDFEAC62A3EBA0E00B04C61 /* EmpDirUITestsLaunchTests.swift */,
			);
			path = EmpDirUITests;
			sourceTree = "<group>";
		};
		0EDFEAD32A3EBA3900B04C61 /* Sources */ = {
			isa = PBXGroup;
			children = (
				0EDFEAD42A3EBA5E00B04C61 /* Employee.swift */,
				0EDFEAD62A3EBA8F00B04C61 /* EmployeeService.swift */,
				0EDFEAD82A3EBAA800B04C61 /* EmployeeCoordinator.swift */,
				0EDFEADA2A3EBABC00B04C61 /* EmployeeViewModel.swift */,
				0EDFEAE52A3EBD3F00B04C61 /* EmployeeListViewController.swift */,
				0EDFEAE62A3EBD3F00B04C61 /* EmployeeListViewController.xib */,
				0EDFEAE92A3EBDEC00B04C61 /* EmployeeTableViewCell.swift */,
				0EDFEAEA2A3EBDEC00B04C61 /* EmployeeTableViewCell.xib */,
			);
			path = Sources;
			sourceTree = "<group>";
		};
		0EDFEAF72A3EC0EB00B04C61 /* Mocks */ = {
			isa = PBXGroup;
			children = (
				0EDFEAF82A3EC0F700B04C61 /* MockEmployeeService.swift */,
			);
			path = Mocks;
			sourceTree = "<group>";
		};
		0EDFEAFA2A3EC17500B04C61 /* Resources */ = {
			isa = PBXGroup;
			children = (
				0EDFEAFB2A3EC18000B04C61 /* Employees.json */,
			);
			path = Resources;
			sourceTree = "<group>";
		};
/* End PBXGroup section */

/* Begin PBXNativeTarget section */
		0EDFEA9F2A3EBA0D00B04C61 /* EmpDir */ = {
			isa = PBXNativeTarget;
			buildConfigurationList = 0EDFEACA2A3EBA0E00B04C61 /* Build configuration list for PBXNativeTarget "EmpDir" */;
			buildPhases = (
				0EDFEA9C2A3EBA0D00B04C61 /* Sources */,
				0EDFEA9D2A3EBA0D00B04C61 /* Frameworks */,
				0EDFEA9E2A3EBA0D00B04C61 /* Resources */,
			);
			buildRules = (
			);
			dependencies = (
			);
			name = EmpDir;
			packageProductDependencies = (
				0EDFEAE32A3EBB7700B04C61 /* Kingfisher */,
			);
			productName = EmpDir;
			productReference = 0EDFEAA02A3EBA0D00B04C61 /* EmpDir.app */;
			productType = "com.apple.product-type.application";
		};
		0EDFEAB52A3EBA0E00B04C61 /* EmpDirTests */ = {
			isa = PBXNativeTarget;
			buildConfigurationList = 0EDFEACD2A3EBA0E00B04C61 /* Build configuration list for PBXNativeTarget "EmpDirTests" */;
			buildPhases = (
				0EDFEAB22A3EBA0E00B04C61 /* Sources */,
				0EDFEAB32A3EBA0E00B04C61 /* Frameworks */,
				0EDFEAB42A3EBA0E00B04C61 /* Resources */,
			);
			buildRules = (
			);
			dependencies = (
				0EDFEAB82A3EBA0E00B04C61 /* PBXTargetDependency */,
			);
			name = EmpDirTests;
			productName = EmpDirTests;
			productReference = 0EDFEAB62A3EBA0E00B04C61 /* EmpDirTests.xctest */;
			productType = "com.apple.product-type.bundle.unit-test";
		};
		0EDFEABF2A3EBA0E00B04C61 /* EmpDirUITests */ = {
			isa = PBXNativeTarget;
			buildConfigurationList = 0EDFEAD02A3EBA0E00B04C61 /* Build configuration list for PBXNativeTarget "EmpDirUITests" */;
			buildPhases = (
				0EDFEABC2A3EBA0E00B04C61 /* Sources */,
				0EDFEABD2A3EBA0E00B04C61 /* Frameworks */,
				0EDFEABE2A3EBA0E00B04C61 /* Resources */,
			);
			buildRules = (
			);
			dependencies = (
				0EDFEAC22A3EBA0E00B04C61 /* PBXTargetDependency */,
			);
			name = EmpDirUITests;
			productName = EmpDirUITests;
			productReference = 0EDFEAC02A3EBA0E00B04C61 /* EmpDirUITests.xctest */;
			productType = "com.apple.product-type.bundle.ui-testing";
		};
/* End PBXNativeTarget section */

/* Begin PBXProject section */
		0EDFEA982A3EBA0D00B04C61 /* Project object */ = {
			isa = PBXProject;
			attributes = {
				BuildIndependentTargetsInParallel = 1;
				LastSwiftUpdateCheck = 1430;
				LastUpgradeCheck = 1430;
				TargetAttributes = {
					0EDFEA9F2A3EBA0D00B04C61 = {
						CreatedOnToolsVersion = 14.3.1;
					};
					0EDFEAB52A3EBA0E00B04C61 = {
						CreatedOnToolsVersion = 14.3.1;
						TestTargetID = 0EDFEA9F2A3EBA0D00B04C61;
					};
					0EDFEABF2A3EBA0E00B04C61 = {
						CreatedOnToolsVersion = 14.3.1;
						TestTargetID = 0EDFEA9F2A3EBA0D00B04C61;
					};
				};
			};
			buildConfigurationList = 0EDFEA9B2A3EBA0D00B04C61 /* Build configuration list for PBXProject "EmpDir" */;
			compatibilityVersion = "Xcode 14.0";
			developmentRegion = en;
			hasScannedForEncodings = 0;
			knownRegions = (
				en,
				Base,
			);
			mainGroup = 0EDFEA972A3EBA0D00B04C61;
			packageReferences = (
				0EDFEAE22A3EBB7700B04C61 /* XCRemoteSwiftPackageReference "Kingfisher" */,
			);
			productRefGroup = 0EDFEAA12A3EBA0D00B04C61 /* Products */;
			projectDirPath = "";
			projectRoot = "";
			targets = (
				0EDFEA9F2A3EBA0D00B04C61 /* EmpDir */,
				0EDFEAB52A3EBA0E00B04C61 /* EmpDirTests */,
				0EDFEABF2A3EBA0E00B04C61 /* EmpDirUITests */,
			);
		};
/* End PBXProject section */

/* Begin PBXResourcesBuildPhase section */
		0EDFEA9E2A3EBA0D00B04C61 /* Resources */ = {
			isa = PBXResourcesBuildPhase;
			buildActionMask = 2147483647;
			files = (
				0EDFEAFD2A3EC19600B04C61 /* Employees.json in Resources */,
				0EDFEAB02A3EBA0E00B04C61 /* LaunchScreen.storyboard in Resources */,
				0EDFEAEC2A3EBDEC00B04C61 /* EmployeeTableViewCell.xib in Resources */,
				0EDFEAE82A3EBD3F00B04C61 /* EmployeeListViewController.xib in Resources */,
				0EDFEAAD2A3EBA0E00B04C61 /* Assets.xcassets in Resources */,
			);
			runOnlyForDeploymentPostprocessing = 0;
		};
		0EDFEAB42A3EBA0E00B04C61 /* Resources */ = {
			isa = PBXResourcesBuildPhase;
			buildActionMask = 2147483647;
			files = (
				0EDFEAFC2A3EC18000B04C61 /* Employees.json in Resources */,
			);
			runOnlyForDeploymentPostprocessing = 0;
		};
		0EDFEABE2A3EBA0E00B04C61 /* Resources */ = {
			isa = PBXResourcesBuildPhase;
			buildActionMask = 2147483647;
			files = (
			);
			runOnlyForDeploymentPostprocessing = 0;
		};
/* End PBXResourcesBuildPhase section */

/* Begin PBXSourcesBuildPhase section */
		0EDFEA9C2A3EBA0D00B04C61 /* Sources */ = {
			isa = PBXSourcesBuildPhase;
			buildActionMask = 2147483647;
			files = (
				0EDFEAA42A3EBA0D00B04C61 /* AppDelegate.swift in Sources */,
				0EDFEAEB2A3EBDEC00B04C61 /* EmployeeTableViewCell.swift in Sources */,
				0EDFEAD72A3EBA8F00B04C61 /* EmployeeService.swift in Sources */,
				0EDFEAD52A3EBA5E00B04C61 /* Employee.swift in Sources */,
				0EDFEAD92A3EBAA800B04C61 /* EmployeeCoordinator.swift in Sources */,
				0EDFEAE72A3EBD3F00B04C61 /* EmployeeListViewController.swift in Sources */,
				0EDFEADB2A3EBABC00B04C61 /* EmployeeViewModel.swift in Sources */,
				0EDFEAA62A3EBA0D00B04C61 /* SceneDelegate.swift in Sources */,
			);
			runOnlyForDeploymentPostprocessing = 0;
		};
		0EDFEAB22A3EBA0E00B04C61 /* Sources */ = {
			isa = PBXSourcesBuildPhase;
			buildActionMask = 2147483647;
			files = (
				0EDFEAFF2A3EC32800B04C61 /* EmployeeViewModelTest.swift in Sources */,
				0EDFEAF92A3EC0F700B04C61 /* MockEmployeeService.swift in Sources */,
				0EDFEB012A3EC34400B04C61 /* EmployeeServiceTest.swift in Sources */,
			);
			runOnlyForDeploymentPostprocessing = 0;
		};
		0EDFEABC2A3EBA0E00B04C61 /* Sources */ = {
			isa = PBXSourcesBuildPhase;
			buildActionMask = 2147483647;
			files = (
				0EDFEAC52A3EBA0E00B04C61 /* EmpDirUITests.swift in Sources */,
				0EDFEAC72A3EBA0E00B04C61 /* EmpDirUITestsLaunchTests.swift in Sources */,
			);
			runOnlyForDeploymentPostprocessing = 0;
		};
/* End PBXSourcesBuildPhase section */

/* Begin PBXTargetDependency section */
		0EDFEAB82A3EBA0E00B04C61 /* PBXTargetDependency */ = {
			isa = PBXTargetDependency;
			target = 0EDFEA9F2A3EBA0D00B04C61 /* EmpDir */;
			targetProxy = 0EDFEAB72A3EBA0E00B04C61 /* PBXContainerItemProxy */;
		};
		0EDFEAC22A3EBA0E00B04C61 /* PBXTargetDependency */ = {
			isa = PBXTargetDependency;
			target = 0EDFEA9F2A3EBA0D00B04C61 /* EmpDir */;
			targetProxy = 0EDFEAC12A3EBA0E00B04C61 /* PBXContainerItemProxy */;
		};
/* End PBXTargetDependency section */

/* Begin PBXVariantGroup section */
		0EDFEAAE2A3EBA0E00B04C61 /* LaunchScreen.storyboard */ = {
			isa = PBXVariantGroup;
			children = (
				0EDFEAAF2A3EBA0E00B04C61 /* Base */,
			);
			name = LaunchScreen.storyboard;
			sourceTree = "<group>";
		};
/* End PBXVariantGroup section */

/* Begin XCBuildConfiguration section */
		0EDFEAC82A3EBA0E00B04C61 /* Debug */ = {
			isa = XCBuildConfiguration;
			buildSettings = {
				ALWAYS_SEARCH_USER_PATHS = NO;
				CLANG_ANALYZER_NONNULL = YES;
				CLANG_ANALYZER_NUMBER_OBJECT_CONVERSION = YES_AGGRESSIVE;
				CLANG_CXX_LANGUAGE_STANDARD = "gnu++20";
				CLANG_ENABLE_MODULES = YES;
				CLANG_ENABLE_OBJC_ARC = YES;
				CLANG_ENABLE_OBJC_WEAK = YES;
				CLANG_WARN_BLOCK_CAPTURE_AUTORELEASING = YES;
				CLANG_WARN_BOOL_CONVERSION = YES;
				CLANG_WARN_COMMA = YES;
				CLANG_WARN_CONSTANT_CONVERSION = YES;
				CLANG_WARN_DEPRECATED_OBJC_IMPLEMENTATIONS = YES;
				CLANG_WARN_DIRECT_OBJC_ISA_USAGE = YES_ERROR;
				CLANG_WARN_DOCUMENTATION_COMMENTS = YES;
				CLANG_WARN_EMPTY_BODY = YES;
				CLANG_WARN_ENUM_CONVERSION = YES;
				CLANG_WARN_INFINITE_RECURSION = YES;
				CLANG_WARN_INT_CONVERSION = YES;
				CLANG_WARN_NON_LITERAL_NULL_CONVERSION = YES;
				CLANG_WARN_OBJC_IMPLICIT_RETAIN_SELF = YES;
				CLANG_WARN_OBJC_LITERAL_CONVERSION = YES;
				CLANG_WARN_OBJC_ROOT_CLASS = YES_ERROR;
				CLANG_WARN_QUOTED_INCLUDE_IN_FRAMEWORK_HEADER = YES;
				CLANG_WARN_RANGE_LOOP_ANALYSIS = YES;
				CLANG_WARN_STRICT_PROTOTYPES = YES;
				CLANG_WARN_SUSPICIOUS_MOVE = YES;
				CLANG_WARN_UNGUARDED_AVAILABILITY = YES_AGGRESSIVE;
				CLANG_WARN_UNREACHABLE_CODE = YES;
				CLANG_WARN__DUPLICATE_METHOD_MATCH = YES;
				COPY_PHASE_STRIP = NO;
				DEBUG_INFORMATION_FORMAT = dwarf;
				ENABLE_STRICT_OBJC_MSGSEND = YES;
				ENABLE_TESTABILITY = YES;
				GCC_C_LANGUAGE_STANDARD = gnu11;
				GCC_DYNAMIC_NO_PIC = NO;
				GCC_NO_COMMON_BLOCKS = YES;
				GCC_OPTIMIZATION_LEVEL = 0;
				GCC_PREPROCESSOR_DEFINITIONS = (
					"DEBUG=1",
					"$(inherited)",
				);
				GCC_WARN_64_TO_32_BIT_CONVERSION = YES;
				GCC_WARN_ABOUT_RETURN_TYPE = YES_ERROR;
				GCC_WARN_UNDECLARED_SELECTOR = YES;
				GCC_WARN_UNINITIALIZED_AUTOS = YES_AGGRESSIVE;
				GCC_WARN_UNUSED_FUNCTION = YES;
				GCC_WARN_UNUSED_VARIABLE = YES;
				IPHONEOS_DEPLOYMENT_TARGET = 16.4;
				MTL_ENABLE_DEBUG_INFO = INCLUDE_SOURCE;
				MTL_FAST_MATH = YES;
				ONLY_ACTIVE_ARCH = YES;
				SDKROOT = iphoneos;
				SWIFT_ACTIVE_COMPILATION_CONDITIONS = DEBUG;
				SWIFT_OPTIMIZATION_LEVEL = "-Onone";
			};
			name = Debug;
		};
		0EDFEAC92A3EBA0E00B04C61 /* Release */ = {
			isa = XCBuildConfiguration;
			buildSettings = {
				ALWAYS_SEARCH_USER_PATHS = NO;
				CLANG_ANALYZER_NONNULL = YES;
				CLANG_ANALYZER_NUMBER_OBJECT_CONVERSION = YES_AGGRESSIVE;
				CLANG_CXX_LANGUAGE_STANDARD = "gnu++20";
				CLANG_ENABLE_MODULES = YES;
				CLANG_ENABLE_OBJC_ARC = YES;
				CLANG_ENABLE_OBJC_WEAK = YES;
				CLANG_WARN_BLOCK_CAPTURE_AUTORELEASING = YES;
				CLANG_WARN_BOOL_CONVERSION = YES;
				CLANG_WARN_COMMA = YES;
				CLANG_WARN_CONSTANT_CONVERSION = YES;
				CLANG_WARN_DEPRECATED_OBJC_IMPLEMENTATIONS = YES;
				CLANG_WARN_DIRECT_OBJC_ISA_USAGE = YES_ERROR;
				CLANG_WARN_DOCUMENTATION_COMMENTS = YES;
				CLANG_WARN_EMPTY_BODY = YES;
				CLANG_WARN_ENUM_CONVERSION = YES;
				CLANG_WARN_INFINITE_RECURSION = YES;
				CLANG_WARN_INT_CONVERSION = YES;
				CLANG_WARN_NON_LITERAL_NULL_CONVERSION = YES;
				CLANG_WARN_OBJC_IMPLICIT_RETAIN_SELF = YES;
				CLANG_WARN_OBJC_LITERAL_CONVERSION = YES;
				CLANG_WARN_OBJC_ROOT_CLASS = YES_ERROR;
				CLANG_WARN_QUOTED_INCLUDE_IN_FRAMEWORK_HEADER = YES;
				CLANG_WARN_RANGE_LOOP_ANALYSIS = YES;
				CLANG_WARN_STRICT_PROTOTYPES = YES;
				CLANG_WARN_SUSPICIOUS_MOVE = YES;
				CLANG_WARN_UNGUARDED_AVAILABILITY = YES_AGGRESSIVE;
				CLANG_WARN_UNREACHABLE_CODE = YES;
				CLANG_WARN__DUPLICATE_METHOD_MATCH = YES;
				COPY_PHASE_STRIP = NO;
				DEBUG_INFORMATION_FORMAT = "dwarf-with-dsym";
				ENABLE_NS_ASSERTIONS = NO;
				ENABLE_STRICT_OBJC_MSGSEND = YES;
				GCC_C_LANGUAGE_STANDARD = gnu11;
				GCC_NO_COMMON_BLOCKS = YES;
				GCC_WARN_64_TO_32_BIT_CONVERSION = YES;
				GCC_WARN_ABOUT_RETURN_TYPE = YES_ERROR;
				GCC_WARN_UNDECLARED_SELECTOR = YES;
				GCC_WARN_UNINITIALIZED_AUTOS = YES_AGGRESSIVE;
				GCC_WARN_UNUSED_FUNCTION = YES;
				GCC_WARN_UNUSED_VARIABLE = YES;
				IPHONEOS_DEPLOYMENT_TARGET = 16.4;
				MTL_ENABLE_DEBUG_INFO = NO;
				MTL_FAST_MATH = YES;
				SDKROOT = iphoneos;
				SWIFT_COMPILATION_MODE = wholemodule;
				SWIFT_OPTIMIZATION_LEVEL = "-O";
				VALIDATE_PRODUCT = YES;
			};
			name = Release;
		};
		0EDFEACB2A3EBA0E00B04C61 /* Debug */ = {
			isa = XCBuildConfiguration;
			buildSettings = {
				ASSETCATALOG_COMPILER_APPICON_NAME = AppIcon;
				ASSETCATALOG_COMPILER_GLOBAL_ACCENT_COLOR_NAME = AccentColor;
				CODE_SIGN_STYLE = Automatic;
				CURRENT_PROJECT_VERSION = 1;
				GENERATE_INFOPLIST_FILE = YES;
				INFOPLIST_FILE = EmpDir/Info.plist;
				INFOPLIST_KEY_UIApplicationSupportsIndirectInputEvents = YES;
				INFOPLIST_KEY_UILaunchStoryboardName = LaunchScreen;
				INFOPLIST_KEY_UISupportedInterfaceOrientations_iPad = "UIInterfaceOrientationPortrait UIInterfaceOrientationPortraitUpsideDown UIInterfaceOrientationLandscapeLeft UIInterfaceOrientationLandscapeRight";
				INFOPLIST_KEY_UISupportedInterfaceOrientations_iPhone = "UIInterfaceOrientationPortrait UIInterfaceOrientationLandscapeLeft UIInterfaceOrientationLandscapeRight";
				LD_RUNPATH_SEARCH_PATHS = (
					"$(inherited)",
					"@executable_path/Frameworks",
				);
				MARKETING_VERSION = 1.0;
				PRODUCT_BUNDLE_IDENTIFIER = "Saradeth-Mike.EmpDir";
				PRODUCT_NAME = "$(TARGET_NAME)";
				SWIFT_EMIT_LOC_STRINGS = YES;
				SWIFT_VERSION = 5.0;
				TARGETED_DEVICE_FAMILY = "1,2";
			};
			name = Debug;
		};
		0EDFEACC2A3EBA0E00B04C61 /* Release */ = {
			isa = XCBuildConfiguration;
			buildSettings = {
				ASSETCATALOG_COMPILER_APPICON_NAME = AppIcon;
				ASSETCATALOG_COMPILER_GLOBAL_ACCENT_COLOR_NAME = AccentColor;
				CODE_SIGN_STYLE = Automatic;
				CURRENT_PROJECT_VERSION = 1;
				GENERATE_INFOPLIST_FILE = YES;
				INFOPLIST_FILE = EmpDir/Info.plist;
				INFOPLIST_KEY_UIApplicationSupportsIndirectInputEvents = YES;
				INFOPLIST_KEY_UILaunchStoryboardName = LaunchScreen;
				INFOPLIST_KEY_UISupportedInterfaceOrientations_iPad = "UIInterfaceOrientationPortrait UIInterfaceOrientationPortraitUpsideDown UIInterfaceOrientationLandscapeLeft UIInterfaceOrientationLandscapeRight";
				INFOPLIST_KEY_UISupportedInterfaceOrientations_iPhone = "UIInterfaceOrientationPortrait UIInterfaceOrientationLandscapeLeft UIInterfaceOrientationLandscapeRight";
				LD_RUNPATH_SEARCH_PATHS = (
					"$(inherited)",
					"@executable_path/Frameworks",
				);
				MARKETING_VERSION = 1.0;
				PRODUCT_BUNDLE_IDENTIFIER = "Saradeth-Mike.EmpDir";
				PRODUCT_NAME = "$(TARGET_NAME)";
				SWIFT_EMIT_LOC_STRINGS = YES;
				SWIFT_VERSION = 5.0;
				TARGETED_DEVICE_FAMILY = "1,2";
			};
			name = Release;
		};
		0EDFEACE2A3EBA0E00B04C61 /* Debug */ = {
			isa = XCBuildConfiguration;
			buildSettings = {
				ALWAYS_EMBED_SWIFT_STANDARD_LIBRARIES = YES;
				BUNDLE_LOADER = "$(TEST_HOST)";
				CODE_SIGN_STYLE = Automatic;
				CURRENT_PROJECT_VERSION = 1;
				GENERATE_INFOPLIST_FILE = YES;
				IPHONEOS_DEPLOYMENT_TARGET = 16.4;
				MARKETING_VERSION = 1.0;
				PRODUCT_BUNDLE_IDENTIFIER = "Saradeth-Mike.EmpDirTests";
				PRODUCT_NAME = "$(TARGET_NAME)";
				SWIFT_EMIT_LOC_STRINGS = NO;
				SWIFT_VERSION = 5.0;
				TARGETED_DEVICE_FAMILY = "1,2";
				TEST_HOST = "$(BUILT_PRODUCTS_DIR)/EmpDir.app/$(BUNDLE_EXECUTABLE_FOLDER_PATH)/EmpDir";
			};
			name = Debug;
		};
		0EDFEACF2A3EBA0E00B04C61 /* Release */ = {
			isa = XCBuildConfiguration;
			buildSettings = {
				ALWAYS_EMBED_SWIFT_STANDARD_LIBRARIES = YES;
				BUNDLE_LOADER = "$(TEST_HOST)";
				CODE_SIGN_STYLE = Automatic;
				CURRENT_PROJECT_VERSION = 1;
				GENERATE_INFOPLIST_FILE = YES;
				IPHONEOS_DEPLOYMENT_TARGET = 16.4;
				MARKETING_VERSION = 1.0;
				PRODUCT_BUNDLE_IDENTIFIER = "Saradeth-Mike.EmpDirTests";
				PRODUCT_NAME = "$(TARGET_NAME)";
				SWIFT_EMIT_LOC_STRINGS = NO;
				SWIFT_VERSION = 5.0;
				TARGETED_DEVICE_FAMILY = "1,2";
				TEST_HOST = "$(BUILT_PRODUCTS_DIR)/EmpDir.app/$(BUNDLE_EXECUTABLE_FOLDER_PATH)/EmpDir";
			};
			name = Release;
		};
		0EDFEAD12A3EBA0E00B04C61 /* Debug */ = {
			isa = XCBuildConfiguration;
			buildSettings = {
				ALWAYS_EMBED_SWIFT_STANDARD_LIBRARIES = YES;
				CODE_SIGN_STYLE = Automatic;
				CURRENT_PROJECT_VERSION = 1;
				GENERATE_INFOPLIST_FILE = YES;
				MARKETING_VERSION = 1.0;
				PRODUCT_BUNDLE_IDENTIFIER = "Saradeth-Mike.EmpDirUITests";
				PRODUCT_NAME = "$(TARGET_NAME)";
				SWIFT_EMIT_LOC_STRINGS = NO;
				SWIFT_VERSION = 5.0;
				TARGETED_DEVICE_FAMILY = "1,2";
				TEST_TARGET_NAME = EmpDir;
			};
			name = Debug;
		};
		0EDFEAD22A3EBA0E00B04C61 /* Release */ = {
			isa = XCBuildConfiguration;
			buildSettings = {
				ALWAYS_EMBED_SWIFT_STANDARD_LIBRARIES = YES;
				CODE_SIGN_STYLE = Automatic;
				CURRENT_PROJECT_VERSION = 1;
				GENERATE_INFOPLIST_FILE = YES;
				MARKETING_VERSION = 1.0;
				PRODUCT_BUNDLE_IDENTIFIER = "Saradeth-Mike.EmpDirUITests";
				PRODUCT_NAME = "$(TARGET_NAME)";
				SWIFT_EMIT_LOC_STRINGS = NO;
				SWIFT_VERSION = 5.0;
				TARGETED_DEVICE_FAMILY = "1,2";
				TEST_TARGET_NAME = EmpDir;
			};
			name = Release;
		};
/* End XCBuildConfiguration section */

/* Begin XCConfigurationList section */
		0EDFEA9B2A3EBA0D00B04C61 /* Build configuration list for PBXProject "EmpDir" */ = {
			isa = XCConfigurationList;
			buildConfigurations = (
				0EDFEAC82A3EBA0E00B04C61 /* Debug */,
				0EDFEAC92A3EBA0E00B04C61 /* Release */,
			);
			defaultConfigurationIsVisible = 0;
			defaultConfigurationName = Release;
		};
		0EDFEACA2A3EBA0E00B04C61 /* Build configuration list for PBXNativeTarget "EmpDir" */ = {
			isa = XCConfigurationList;
			buildConfigurations = (
				0EDFEACB2A3EBA0E00B04C61 /* Debug */,
				0EDFEACC2A3EBA0E00B04C61 /* Release */,
			);
			defaultConfigurationIsVisible = 0;
			defaultConfigurationName = Release;
		};
		0EDFEACD2A3EBA0E00B04C61 /* Build configuration list for PBXNativeTarget "EmpDirTests" */ = {
			isa = XCConfigurationList;
			buildConfigurations = (
				0EDFEACE2A3EBA0E00B04C61 /* Debug */,
				0EDFEACF2A3EBA0E00B04C61 /* Release */,
			);
			defaultConfigurationIsVisible = 0;
			defaultConfigurationName = Release;
		};
		0EDFEAD02A3EBA0E00B04C61 /* Build configuration list for PBXNativeTarget "EmpDirUITests" */ = {
			isa = XCConfigurationList;
			buildConfigurations = (
				0EDFEAD12A3EBA0E00B04C61 /* Debug */,
				0EDFEAD22A3EBA0E00B04C61 /* Release */,
			);
			defaultConfigurationIsVisible = 0;
			defaultConfigurationName = Release;
		};
/* End XCConfigurationList section */

/* Begin XCRemoteSwiftPackageReference section */
		0EDFEAE22A3EBB7700B04C61 /* XCRemoteSwiftPackageReference "Kingfisher" */ = {
			isa = XCRemoteSwiftPackageReference;
			repositoryURL = "https://github.com/onevcat/Kingfisher.git";
			requirement = {
				kind = upToNextMajorVersion;
				minimumVersion = 7.0.0;
			};
		};
/* End XCRemoteSwiftPackageReference section */

/* Begin XCSwiftPackageProductDependency section */
		0EDFEAE32A3EBB7700B04C61 /* Kingfisher */ = {
			isa = XCSwiftPackageProductDependency;
			package = 0EDFEAE22A3EBB7700B04C61 /* XCRemoteSwiftPackageReference "Kingfisher" */;
			productName = Kingfisher;
		};
/* End XCSwiftPackageProductDependency section */
	};
	rootObject = 0EDFEA982A3EBA0D00B04C61 /* Project object */;
}
